{
    "_meta": {
        "hash": {
            "sha256": "7aa72f94a05113da6f22d2a9a392f474d5bbbfd312a78e8f8372fd71b1a387e3"
        },
        "pipfile-spec": 6,
        "requires": {
            "python_version": "3.13"
        },
        "sources": [
            {
                "name": "pypi",
                "url": "https://pypi.org/simple",
                "verify_ssl": true
            }
        ]
    },
    "default": {
        "asgiref": {
            "hashes": [
                "sha256:a5ab6582236218e5ef1648f242fd9f10626cfd4de8dc377db215d5d5098e3142",
                "sha256:f3bba7092a48005b5f5bacd747d36ee4a5a61f4a269a6df590b43144355ebd2c"
            ],
            "markers": "python_version >= '3.9'",
            "version": "==3.9.1"
        },
        "click": {
            "hashes": [
                "sha256:27c491cc05d968d271d5a1db13e3b5a184636d9d930f148c50b038f0d0646202",
                "sha256:61a3265b914e850b85317d0b3109c7f8cd35a670f963866005d6ef1d5175a12b"
            ],
            "markers": "python_version >= '3.10'",
            "version": "==8.2.1"
        },
        "colorama": {
            "hashes": [
                "sha256:08695f5cb7ed6e0531a20572697297273c47b8cae5a63ffc6d6ed5c201be6e44",
                "sha256:4f1d9991f5acc0ca119f9d443620b77f9d6b33703e51011c16baf57afb285fc6"
            ],
            "markers": "python_version >= '2.7' and python_version not in '3.0, 3.1, 3.2, 3.3, 3.4, 3.5, 3.6'",
            "version": "==0.4.6"
        },
        "dj-database-url": {
            "hashes": [
                "sha256:43950018e1eeea486bf11136384aec0fe55b29fe6fd8a44553231b85661d9383",
                "sha256:8994961efb888fc6bf8c41550870c91f6f7691ca751888ebaa71442b7f84eff8"
            ],
            "index": "pypi",
            "version": "==3.0.1"
        },
        "django": {
            "hashes": [
                "sha256:60549579b1174a304b77e24a93d8d9fafe6b6c03ac16311f3e25918ea5a20058",
                "sha256:da5e00372763193d73cecbf71084a3848458cecf4cee36b9a1e8d318d114a87b"
            ],
            "index": "pypi",
            "markers": "python_version >= '3.10'",
            "version": "==5.2.6"
        },
        "django-cors-headers": {
            "hashes": [
                "sha256:6fdf31bf9c6d6448ba09ef57157db2268d515d94fc5c89a0a1028e1fc03ee52b",
                "sha256:f1c125dcd58479fe7a67fe2499c16ee38b81b397463cf025f0e2c42937421070"
            ],
            "index": "pypi",
            "markers": "python_version >= '3.9'",
            "version": "==4.7.0"
        },
        "djangorestframework": {
            "hashes": [
                "sha256:166809528b1aced0a17dc66c24492af18049f2c9420dbd0be29422029cfc3ff7",
                "sha256:33a59f47fb9c85ede792cbf88bde71893bcda0667bc573f784649521f1102cec"
            ],
            "index": "pypi",
            "markers": "python_version >= '3.9'",
            "version": "==3.16.1"
        },
        "djangorestframework-simplejwt": {
            "hashes": [
                "sha256:2c30f3707053d384e9f315d11c2daccfcb548d4faa453111ca19a542b732e469",
                "sha256:e72c5572f51d7803021288e2057afcbd03f17fe11d484096f40a460abc76e87f"
            ],
            "index": "pypi",
            "markers": "python_version >= '3.9'",
            "version": "==5.5.1"
        },
        "gunicorn": {
            "hashes": [
                "sha256:ec400d38950de4dfd418cff8328b2c8faed0edb0d517d3394e457c317908ca4d",
                "sha256:f014447a0101dc57e294f6c18ca6b40227a4c90e9bdb586042628030cba004ec"
            ],
            "index": "pypi",
            "markers": "python_version >= '3.7'",
            "version": "==23.0.0"
        },
        "h11": {
            "hashes": [
                "sha256:4e35b956cf45792e4caa5885e69fba00bdbc6ffafbfa020300e549b208ee5ff1",
                "sha256:63cf8bbe7522de3bf65932fda1d9c2772064ffb3dae62d55932da54b31cb6c86"
            ],
            "markers": "python_version >= '3.8'",
            "version": "==0.16.0"
        },
        "packaging": {
            "hashes": [
                "sha256:29572ef2b1f17581046b3a2227d5c611fb25ec70ca1ba8554b24b0e69331a484",
                "sha256:d443872c98d677bf60f6a1f2f8c1cb748e8fe762d2bf9d3148b5599295b0fc4f"
            ],
            "markers": "python_version >= '3.8'",
            "version": "==25.0"
        },
        "psycopg2": {
            "hashes": [
                "sha256:0435034157049f6846e95103bd8f5a668788dd913a7c30162ca9503fdf542cb4",
                "sha256:12ec0b40b0273f95296233e8750441339298e6a572f7039da5b260e3c8b60e11",
                "sha256:47c4f9875125344f4c2b870e41b6aad585901318068acd01de93f3677a6522c2",
                "sha256:4a579d6243da40a7b3182e0430493dbd55950c493d8c68f4eec0b302f6bbf20e",
                "sha256:5df2b672140f95adb453af93a7d669d7a7bf0a56bcd26f1502329166f4a61716",
                "sha256:65a63d7ab0e067e2cdb3cf266de39663203d38d6a8ed97f5ca0cb315c73fe067",
                "sha256:88138c8dedcbfa96408023ea2b0c369eda40fe5d75002c0964c78f46f11fa442",
                "sha256:91fd603a2155da8d0cfcdbf8ab24a2d54bca72795b90d2a3ed2b6da8d979dee2",
                "sha256:9d5b3b94b79a844a986d029eee38998232451119ad653aea42bb9220a8c5066b",
                "sha256:c6f7b8561225f9e711a9c47087388a97fdc948211c10a4bccbf0ba68ab7b3b5a"
            ],
            "index": "pypi",
            "markers": "python_version >= '3.8'",
            "version": "==2.9.10"
        },
        "pyjwt": {
            "hashes": [
                "sha256:3cc5772eb20009233caf06e9d8a0577824723b44e6648ee0a2aedb6cf9381953",
                "sha256:dcdd193e30abefd5debf142f9adfcdd2b58004e644f25406ffaebd50bd98dacb"
            ],
            "markers": "python_version >= '3.9'",
            "version": "==2.10.1"
        },
        "sqlparse": {
            "hashes": [
                "sha256:09f67787f56a0b16ecdbde1bfc7f5d9c3371ca683cfeaa8e6ff60b4807ec9272",
                "sha256:cf2196ed3418f3ba5de6af7e82c694a9fbdbfecccdfc72e281548517081f16ca"
            ],
            "markers": "python_version >= '3.8'",
            "version": "==0.5.3"
        },
        "tzdata": {
            "hashes": [
                "sha256:1a403fada01ff9221ca8044d701868fa132215d84beb92242d9acd2147f667a8",
                "sha256:b60a638fcc0daffadf82fe0f57e53d06bdec2f36c4df66280ae79bce6bd6f2b9"
            ],
            "markers": "python_version >= '2'",
            "version": "==2025.2"
        },
        "uvicorn": {
            "hashes": [
                "sha256:197535216b25ff9b785e29a0b79199f55222193d47f820816e7da751e9bc8d4a",
                "sha256:bc662f087f7cf2ce11a1d7fd70b90c9f98ef2e2831556dd078d131b96cc94a01"
            ],
            "index": "pypi",
            "markers": "python_version >= '3.9'",
            "version": "==0.35.0"
        },
        "whitenoise": {
            "hashes": [
                "sha256:8c4a7c9d384694990c26f3047e118c691557481d624f069b7f7752a2f735d609",
                "sha256:c8a489049b7ee9889617bb4c274a153f3d979e8f51d2efd0f5b403caf41c57df"
            ],
            "index": "pypi",
            "markers": "python_version >= '3.9'",
            "version": "==6.9.0"
        }
    },
    "develop": {}
}
